
Microsoft Visual Studio Solution File, Format Version 12.00
# Visual Studio Version 17
VisualStudioVersion = 17.10.35027.167
MinimumVisualStudioVersion = 10.0.40219.1
Project("{FAE04EC0-301F-11D3-BF4B-00C04F79EFBC}") = "create png", "create png\create png.csproj", "{07B9886D-EB5C-4170-8CD1-0101B83FA819}"
EndProject
Global
	GlobalSection(SolutionConfigurationPlatforms) = preSolution
		Debug|Any CPU = Debug|Any CPU
		Release|Any CPU = Release|Any CPU
	EndGlobalSection
	GlobalSection(ProjectConfigurationPlatforms) = postSolution
		{07B9886D-EB5C-4170-8CD1-0101B83FA819}.Debug|Any CPU.ActiveCfg = Debug|Any CPU
		{07B9886D-EB5C-4170-8CD1-0101B83FA819}.Debug|Any CPU.Build.0 = Debug|Any CPU
		{07B9886D-EB5C-4170-8CD1-0101B83FA819}.Release|Any CPU.ActiveCfg = Release|Any CPU
		{07B9886D-EB5C-4170-8CD1-0101B83FA819}.Release|Any CPU.Build.0 = Release|Any CPU
	EndGlobalSection
	GlobalSection(SolutionProperties) = preSolution
		HideSolutionNode = FALSE
	EndGlobalSection
	GlobalSection(ExtensibilityGlobals) = postSolution
		SolutionGuid = {AD6955D9-F677-4414-B5BC-4F64B01F121E}
	EndGlobalSection
EndGlobal
